# generated by rye
# use `rye lock` or `rye sync` to update this lockfile
#
# last locked with the following flags:
#   pre: false
#   features: []
#   all-features: false
#   with-sources: false
#   generate-hashes: false
#   universal: false

-e file:.
aenum==3.1.15
    # via wetterdienst
aiohttp==3.9.5
    # via wetterdienst
aiosignal==1.3.1
    # via aiohttp
annotated-types==0.7.0
    # via pydantic
anyio==4.4.0
    # via jupyter-server
argon2-cffi==23.1.0
    # via jupyter-server
argon2-cffi-bindings==21.2.0
    # via argon2-cffi
arrow==1.3.0
    # via isoduration
asteval==1.0.1
    # via lmfit
attrs==22.2.0
    # via aiohttp
    # via jsonschema
    # via pytest-notebook
    # via referencing
beautifulsoup4==4.12.3
    # via nbconvert
    # via wetterdienst
bitarray==2.9.2
    # via bitstring
bitstring==4.2.3
    # via pybufrkit
bleach==6.1.0
    # via nbconvert
cachetools==5.4.0
    # via wetterdienst
certifi==2024.7.4
    # via requests
cffi==1.16.0
    # via argon2-cffi-bindings
charset-normalizer==3.3.2
    # via requests
click==8.1.7
    # via click-params
    # via cloup
    # via wetterdienst
click-params==0.5.0
    # via wetterdienst
cloup==3.0.5
    # via wetterdienst
colorama==0.4.6
    # via nbdime
coverage==7.6.0
    # via pytest-cov
defusedxml==0.7.1
    # via nbconvert
deprecated==1.2.14
    # via click-params
deprecation==2.1.0
    # via wetterdienst
dictdiffer==0.9.0
    # via pytest-dictsdiff
dirty-equals==0.7.1.post0
diskcache==5.6.3
    # via wetterdienst
environs==11.0.0
    # via wetterdienst
execnet==2.1.1
    # via pytest-xdist
fastjsonschema==2.20.0
    # via nbformat
fqdn==1.5.1
    # via jsonschema
freezegun==1.5.1
frozenlist==1.4.1
    # via aiohttp
    # via aiosignal
fsspec==2024.2.0
    # via wetterdienst
gitdb==4.0.11
    # via gitpython
gitpython==3.1.43
    # via nbdime
h5py==3.10.0
idna==3.7
    # via anyio
    # via jsonschema
    # via requests
    # via yarl
iniconfig==2.0.0
    # via pytest
isoduration==20.11.0
    # via jsonschema
jinja2==3.1.4
    # via jupyter-server
    # via nbconvert
    # via nbdime
joblib==1.4.2
    # via scikit-learn
jsonpointer==3.0.0
    # via jsonschema
jsonschema==4.23.0
    # via jupyter-events
    # via nbformat
    # via pytest-notebook
jsonschema-specifications==2023.12.1
    # via jsonschema
jupyter-client==8.6.2
    # via jupyter-server
    # via nbclient
jupyter-core==5.7.2
    # via jupyter-client
    # via jupyter-server
    # via nbconvert
    # via nbformat
jupyter-events==0.10.0
    # via jupyter-server
jupyter-server==2.14.2
    # via jupyter-server-mathjax
    # via nbdime
jupyter-server-mathjax==0.2.6
    # via nbdime
jupyter-server-terminals==0.5.3
    # via jupyter-server
jupyterlab-pygments==0.3.0
    # via nbconvert
lmfit==1.2.2
lxml==5.2.2
    # via wetterdienst
markupsafe==2.1.5
    # via jinja2
    # via nbconvert
marshmallow==3.21.3
    # via environs
measurement==3.2.2
    # via wetterdienst
mistune==3.0.2
    # via nbconvert
mpmath==1.3.0
    # via sympy
multidict==6.0.5
    # via aiohttp
    # via yarl
nbclient==0.5.13
    # via nbconvert
    # via pytest-notebook
nbconvert==7.16.4
    # via jupyter-server
nbdime==4.0.1
    # via pytest-notebook
nbformat==5.10.4
    # via jupyter-server
    # via nbclient
    # via nbconvert
    # via nbdime
    # via pytest-notebook
nest-asyncio==1.6.0
    # via nbclient
numpy==1.26.4
    # via h5py
    # via lmfit
    # via pyarrow
    # via scikit-learn
    # via scipy
    # via wetterdienst
overrides==7.7.0
    # via jupyter-server
packaging==24.1
    # via deprecation
    # via jupyter-server
    # via marshmallow
    # via nbconvert
    # via pytest
    # via pytest-rerunfailures
pandocfilters==1.5.1
    # via nbconvert
pillow==10.4.0
    # via wetterdienst
pint==0.23
    # via wetterdienst
platformdirs==4.2.2
    # via jupyter-core
    # via wetterdienst
pluggy==1.5.0
    # via pytest
polars==1.2.1
    # via wetterdienst
portion==2.4.2
    # via wetterdienst
prometheus-client==0.20.0
    # via jupyter-server
ptyprocess==0.7.0
    # via terminado
pyarrow==17.0.0
    # via wetterdienst
pybufrkit==0.2.22
pycparser==2.22
    # via cffi
pydantic==2.8.2
    # via wetterdienst
pydantic-core==2.20.1
    # via pydantic
pygments==2.18.0
    # via nbconvert
    # via nbdime
pypdf==4.0.2
    # via wetterdienst
pytest==8.3.2
    # via pytest-cov
    # via pytest-notebook
    # via pytest-rerunfailures
    # via pytest-xdist
pytest-cov==4.1.0
pytest-dictsdiff==0.5.8
pytest-notebook==0.10.0
pytest-rerunfailures==13.0
pytest-xdist==3.6.1
python-dateutil==2.9.0.post0
    # via arrow
    # via freezegun
    # via jupyter-client
    # via wetterdienst
python-dotenv==1.0.1
    # via environs
python-json-logger==2.0.7
    # via jupyter-events
pytz==2024.1
    # via dirty-equals
pyyaml==6.0.1
    # via jupyter-events
pyzmq==26.0.3
    # via jupyter-client
    # via jupyter-server
rapidfuzz==3.9.4
    # via wetterdienst
referencing==0.35.1
    # via jsonschema
    # via jsonschema-specifications
    # via jupyter-events
requests==2.32.3
    # via nbdime
    # via wetterdienst
rfc3339-validator==0.1.4
    # via jsonschema
    # via jupyter-events
rfc3986-validator==0.1.1
    # via jsonschema
    # via jupyter-events
rpds-py==0.19.1
    # via jsonschema
    # via referencing
ruff==0.5.5
scikit-learn==1.5.1
    # via wetterdienst
scipy==1.14.0
    # via lmfit
    # via scikit-learn
send2trash==1.8.3
    # via jupyter-server
six==1.16.0
    # via bleach
    # via pybufrkit
    # via python-dateutil
    # via rfc3339-validator
smmap==5.0.1
    # via gitdb
sniffio==1.3.1
    # via anyio
sortedcontainers==2.4.0
    # via portion
soupsieve==2.5
    # via beautifulsoup4
stamina==24.2.0
    # via wetterdienst
surrogate==0.1
sympy==1.13.1
    # via measurement
tabulate==0.9.0
    # via wetterdienst
tenacity==8.5.0
    # via stamina
terminado==0.18.1
    # via jupyter-server
    # via jupyter-server-terminals
threadpoolctl==3.5.0
    # via scikit-learn
tinycss2==1.3.0
    # via nbconvert
tornado==6.4.1
    # via jupyter-client
    # via jupyter-server
    # via nbdime
    # via terminado
tqdm==4.66.4
    # via wetterdienst
traitlets==5.14.3
    # via jupyter-client
    # via jupyter-core
    # via jupyter-events
    # via jupyter-server
    # via nbclient
    # via nbconvert
    # via nbformat
types-python-dateutil==2.9.0.20240316
    # via arrow
typing-extensions==4.12.2
    # via pint
    # via pydantic
    # via pydantic-core
tzfpy==0.15.5
    # via wetterdienst
uncertainties==3.2.2
    # via lmfit
uri-template==1.3.0
    # via jsonschema
urllib3==2.2.2
    # via requests
validators==0.22.0
    # via click-params
webcolors==24.6.0
    # via jsonschema
webencodings==0.5.1
    # via bleach
    # via tinycss2
websocket-client==1.8.0
    # via jupyter-server
wrapt==1.16.0
    # via deprecated
yarl==1.9.4
    # via aiohttp
