# generated by rye
# use `rye lock` or `rye sync` to update this lockfile
#
# last locked with the following flags:
#   pre: false
#   features: []
#   all-features: false
#   with-sources: false
#   generate-hashes: false
#   universal: false

-e file:.
aenum==3.1.15
    # via wetterdienst
aiohttp==3.9.5
    # via wetterdienst
aiosignal==1.3.1
    # via aiohttp
annotated-types==0.7.0
    # via pydantic
attrs==23.2.0
    # via aiohttp
beautifulsoup4==4.12.3
    # via wetterdienst
cachetools==5.4.0
    # via wetterdienst
certifi==2024.7.4
    # via requests
charset-normalizer==3.3.2
    # via requests
click==8.1.7
    # via click-params
    # via cloup
    # via wetterdienst
click-params==0.5.0
    # via wetterdienst
cloup==3.0.5
    # via wetterdienst
deprecated==1.2.14
    # via click-params
deprecation==2.1.0
    # via wetterdienst
diskcache==5.6.3
    # via wetterdienst
environs==11.0.0
    # via wetterdienst
fastexcel==0.11.5
    # via wetterdienst
frozenlist==1.4.1
    # via aiohttp
    # via aiosignal
fsspec==2024.2.0
    # via wetterdienst
idna==3.7
    # via requests
    # via yarl
joblib==1.4.2
    # via scikit-learn
lxml==5.2.2
    # via wetterdienst
marshmallow==3.21.3
    # via environs
measurement==3.2.2
    # via wetterdienst
mpmath==1.3.0
    # via sympy
multidict==6.0.5
    # via aiohttp
    # via yarl
numpy==1.26.4
    # via pyarrow
    # via scikit-learn
    # via scipy
    # via wetterdienst
packaging==24.1
    # via deprecation
    # via marshmallow
pillow==10.4.0
    # via wetterdienst
pint==0.23
    # via wetterdienst
platformdirs==4.2.2
    # via wetterdienst
polars==1.2.1
    # via wetterdienst
portion==2.4.2
    # via wetterdienst
pyarrow==17.0.0
    # via fastexcel
    # via wetterdienst
pydantic==2.8.2
    # via wetterdienst
pydantic-core==2.20.1
    # via pydantic
pypdf==4.0.2
    # via wetterdienst
python-dateutil==2.9.0.post0
    # via wetterdienst
python-dotenv==1.0.1
    # via environs
rapidfuzz==3.9.4
    # via wetterdienst
requests==2.32.3
    # via wetterdienst
scikit-learn==1.5.1
    # via wetterdienst
scipy==1.14.0
    # via scikit-learn
six==1.16.0
    # via python-dateutil
sortedcontainers==2.4.0
    # via portion
soupsieve==2.5
    # via beautifulsoup4
stamina==24.2.0
    # via wetterdienst
sympy==1.13.1
    # via measurement
tabulate==0.9.0
    # via wetterdienst
tenacity==8.5.0
    # via stamina
threadpoolctl==3.5.0
    # via scikit-learn
tqdm==4.66.4
    # via wetterdienst
typing-extensions==4.12.2
    # via pint
    # via pydantic
    # via pydantic-core
tzfpy==0.15.5
    # via wetterdienst
urllib3==2.2.2
    # via requests
validators==0.22.0
    # via click-params
wrapt==1.16.0
    # via deprecated
yarl==1.9.4
    # via aiohttp
